GEM
  remote: https://rubygems.org/
  specs:
    logger (1.7.0)
    prism (1.9.0)
    rbs (4.0.2)
      logger
      prism (>= 1.6.0)
      tsort
    rbs-inline (0.14.0)
      prism (>= 0.29)
      rbs (~> 4.0)
    tsort (0.2.0)

PLATFORMS
  x86_64-linux
  x86_64-linux-gnu

DEPENDENCIES
  rbs (= 4.0.2)
  rbs-inline (= 0.14.0)

BUNDLED WITH
   2.4.19
